
Microsoft Visual Studio Solution File, Format Version 12.00
# Visual Studio Version 16
VisualStudioVersion = 16.0.30907.101
MinimumVisualStudioVersion = 10.0.40219.1
Project("{FAE04EC0-301F-11D3-BF4B-00C04F79EFBC}") = "MuebleriaCostaRica", "MuebleriaCostaRica\MuebleriaCostaRica.csproj", "{80A6454F-F467-4CD3-88D2-65C155F261F7}"
EndProject
Global
	GlobalSection(SolutionConfigurationPlatforms) = preSolution
		Debug|Any CPU = Debug|Any CPU
		Release|Any CPU = Release|Any CPU
	EndGlobalSection
	GlobalSection(ProjectConfigurationPlatforms) = postSolution
		{80A6454F-F467-4CD3-88D2-65C155F261F7}.Debug|Any CPU.ActiveCfg = Debug|Any CPU
		{80A6454F-F467-4CD3-88D2-65C155F261F7}.Debug|Any CPU.Build.0 = Debug|Any CPU
		{80A6454F-F467-4CD3-88D2-65C155F261F7}.Release|Any CPU.ActiveCfg = Release|Any CPU
		{80A6454F-F467-4CD3-88D2-65C155F261F7}.Release|Any CPU.Build.0 = Release|Any CPU
	EndGlobalSection
	GlobalSection(SolutionProperties) = preSolution
		HideSolutionNode = FALSE
	EndGlobalSection
	GlobalSection(ExtensibilityGlobals) = postSolution
		SolutionGuid = {E5F6F63F-481C-44B8-90D5-D245B5C5D3B6}
	EndGlobalSection
EndGlobal
